
Microsoft Visual Studio Solution File, Format Version 12.00
# Visual Studio Version 17
VisualStudioVersion = 17.4.33122.133
MinimumVisualStudioVersion = 10.0.40219.1
Project("{FAE04EC0-301F-11D3-BF4B-00C04F79EFBC}") = "Voting System", "Voting System.csproj", "{CA883B7A-7C00-455F-8D9C-CC00C05C05F8}"
EndProject
Global
	GlobalSection(SolutionConfigurationPlatforms) = preSolution
		Debug|Any CPU = Debug|Any CPU
		Release|Any CPU = Release|Any CPU
	EndGlobalSection
	GlobalSection(ProjectConfigurationPlatforms) = postSolution
		{CA883B7A-7C00-455F-8D9C-CC00C05C05F8}.Debug|Any CPU.ActiveCfg = Debug|Any CPU
		{CA883B7A-7C00-455F-8D9C-CC00C05C05F8}.Debug|Any CPU.Build.0 = Debug|Any CPU
		{CA883B7A-7C00-455F-8D9C-CC00C05C05F8}.Release|Any CPU.ActiveCfg = Release|Any CPU
		{CA883B7A-7C00-455F-8D9C-CC00C05C05F8}.Release|Any CPU.Build.0 = Release|Any CPU
	EndGlobalSection
	GlobalSection(SolutionProperties) = preSolution
		HideSolutionNode = FALSE
	EndGlobalSection
	GlobalSection(ExtensibilityGlobals) = postSolution
		SolutionGuid = {4B5C714F-2F96-47FB-9C23-F42E2F8D46F8}
	EndGlobalSection
EndGlobal
